<?xml version="1.0" encoding="utf-8"?>
<Project ToolsVersion="4.0" xmlns="http://schemas.microsoft.com/developer/msbuild/2003">
  <ItemGroup>
    <Filter Include="CUDA">
      <UniqueIdentifier>{1d4d8ed2-e98a-49dd-8a5a-9da05d29bb54}</UniqueIdentifier>
    </Filter>
    <Filter Include="OpenGL">
      <UniqueIdentifier>{79e792ae-adcd-4b04-87ad-59742cf17584}</UniqueIdentifier>
    </Filter>
    <Filter Include="ParticleData">
      <UniqueIdentifier>{fd6eb860-99a7-41a5-80f1-0a0cc6903c7c}</UniqueIdentifier>
    </Filter>
    <Filter Include="Renderer">
      <UniqueIdentifier>{aad80669-06a7-4904-93b3-3d133a312abb}</UniqueIdentifier>
    </Filter>
    <Filter Include="Solver">
      <UniqueIdentifier>{2f1bda73-41cc-424f-9320-3dda30fa86a5}</UniqueIdentifier>
    </Filter>
    <Filter Include="Util">
      <UniqueIdentifier>{fb39f961-6e6e-48c6-9b75-96e58aa1bbf8}</UniqueIdentifier>
    </Filter>
    <Filter Include="Renderer\Renderer">
      <UniqueIdentifier>{6d9f568b-d765-4cbf-9908-4c0ec944dd85}</UniqueIdentifier>
    </Filter>
    <Filter Include="Renderer\BoxRenderer">
      <UniqueIdentifier>{d41aef25-0b5d-4feb-8833-3e349090a74f}</UniqueIdentifier>
    </Filter>
    <Filter Include="Renderer\SSFRenderer">
      <UniqueIdentifier>{7ef99080-7966-4dad-86a4-1130f04a4b49}</UniqueIdentifier>
    </Filter>
    <Filter Include="VideoWriter">
      <UniqueIdentifier>{a03fc1fc-6d79-429f-a17f-b5ff063589ca}</UniqueIdentifier>
    </Filter>
    <Filter Include="Renderer\SSFRenderer\Shader">
      <UniqueIdentifier>{20c55e63-6f0b-4e06-9146-c1d894fb4efa}</UniqueIdentifier>
    </Filter>
    <Filter Include="CGTK">
      <UniqueIdentifier>{4fdaf31a-c76a-4c36-968f-d963ee58e9e9}</UniqueIdentifier>
    </Filter>
    <Filter Include="CGTK\Error">
      <UniqueIdentifier>{be2fe329-93d6-499f-a460-a95fce787bcb}</UniqueIdentifier>
    </Filter>
    <Filter Include="CGTK\GL">
      <UniqueIdentifier>{afd2b341-c3c4-425c-ae21-249d267648a5}</UniqueIdentifier>
    </Filter>
    <Filter Include="CGTK\GL\Texture">
      <UniqueIdentifier>{087dee2d-5957-46dd-906c-ced452fec86e}</UniqueIdentifier>
    </Filter>
    <Filter Include="CGTK\GL\Framebuffer">
      <UniqueIdentifier>{a89d51e5-d3c7-462b-8b53-3eefac454709}</UniqueIdentifier>
    </Filter>
  </ItemGroup>
  <ItemGroup>
    <ClCompile Include="cuda.cpp">
      <Filter>CUDA</Filter>
    </ClCompile>
    <ClCompile Include="OpenGL\Camera.cpp">
      <Filter>OpenGL</Filter>
    </ClCompile>
    <ClCompile Include="OpenGL\OpenGL.cpp">
      <Filter>OpenGL</Filter>
    </ClCompile>
    <ClCompile Include="OpenGL\Vector3f.cpp">
      <Filter>OpenGL</Filter>
    </ClCompile>
    <ClCompile Include="ParticleData.cpp">
      <Filter>ParticleData</Filter>
    </ClCompile>
    <ClCompile Include="main.cpp" />
    <ClCompile Include="Renderer.cpp">
      <Filter>Renderer\Renderer</Filter>
    </ClCompile>
    <ClCompile Include="BoxRenderer.cpp">
      <Filter>Renderer\BoxRenderer</Filter>
    </ClCompile>
    <ClCompile Include="VideoWriter\VideoWriter.cpp">
      <Filter>VideoWriter</Filter>
    </ClCompile>
    <ClCompile Include="Geometry.cpp">
      <Filter>Renderer\SSFRenderer</Filter>
    </ClCompile>
    <ClCompile Include="CGTK\Error\Error.cpp">
      <Filter>CGTK\Error</Filter>
    </ClCompile>
    <ClCompile Include="CGTK\GL\Texture\Texture2D.cpp">
      <Filter>CGTK\GL\Texture</Filter>
    </ClCompile>
    <ClCompile Include="CGTK\GL\Framebuffer\Framebuffer.cpp">
      <Filter>CGTK\GL\Framebuffer</Filter>
    </ClCompile>
  </ItemGroup>
  <ItemGroup>
    <ClInclude Include="cuda.h">
      <Filter>CUDA</Filter>
    </ClInclude>
    <ClInclude Include="OpenGL\Camera.h">
      <Filter>OpenGL</Filter>
    </ClInclude>
    <ClInclude Include="OpenGL\OpenGL.h">
      <Filter>OpenGL</Filter>
    </ClInclude>
    <ClInclude Include="OpenGL\Vector3f.h">
      <Filter>OpenGL</Filter>
    </ClInclude>
    <ClInclude Include="ParticleData.h">
      <Filter>ParticleData</Filter>
    </ClInclude>
    <ClInclude Include="Solver.h">
      <Filter>Solver</Filter>
    </ClInclude>
    <ClInclude Include="Grid.h">
      <Filter>Util</Filter>
    </ClInclude>
    <ClInclude Include="Renderer.h">
      <Filter>Renderer\Renderer</Filter>
    </ClInclude>
    <ClInclude Include="BoxRenderer.h">
      <Filter>Renderer\BoxRenderer</Filter>
    </ClInclude>
    <ClInclude Include="SSFRenderer.h">
      <Filter>Renderer\SSFRenderer</Filter>
    </ClInclude>
    <ClInclude Include="VideoWriter\VideoWriter.h">
      <Filter>VideoWriter</Filter>
    </ClInclude>
    <ClInclude Include="CGTK\Error\Error.h">
      <Filter>CGTK\Error</Filter>
    </ClInclude>
    <ClInclude Include="CGTK\GL\Texture\Texture2D.h">
      <Filter>CGTK\GL\Texture</Filter>
    </ClInclude>
    <ClInclude Include="CGTK\CGTK.h">
      <Filter>CGTK</Filter>
    </ClInclude>
    <ClInclude Include="CGTK\GL\Framebuffer\Framebuffer.h">
      <Filter>CGTK\GL\Framebuffer</Filter>
    </ClInclude>
  </ItemGroup>
  <ItemGroup>
    <None Include="RendererVertex.glsl">
      <Filter>Renderer\Renderer</Filter>
    </None>
    <None Include="RendererFragment.glsl">
      <Filter>Renderer\Renderer</Filter>
    </None>
    <None Include="RendererGeometry.glsl">
      <Filter>Renderer\Renderer</Filter>
    </None>
    <None Include="BoxRendererFragment.glsl">
      <Filter>Renderer\BoxRenderer</Filter>
    </None>
    <None Include="BoxRendererVertex.glsl">
      <Filter>Renderer\BoxRenderer</Filter>
    </None>
    <None Include="SSFRendererDepthFragment.glsl">
      <Filter>Renderer\SSFRenderer\Shader</Filter>
    </None>
    <None Include="SSFRendererSphereGeometry.glsl">
      <Filter>Renderer\SSFRenderer\Shader</Filter>
    </None>
    <None Include="SSFRendererSphereVertex.glsl">
      <Filter>Renderer\SSFRenderer\Shader</Filter>
    </None>
    <None Include="SSFRendererThicknessFragment.glsl">
      <Filter>Renderer\SSFRenderer\Shader</Filter>
    </None>
    <None Include="SSFRendererCompositingVertex.glsl">
      <Filter>Renderer\SSFRenderer\Shader</Filter>
    </None>
    <None Include="SSFRendererCompositingFragment.glsl">
      <Filter>Renderer\SSFRenderer\Shader</Filter>
    </None>
    <None Include="SSFRendererSceneFragment.glsl">
      <Filter>Renderer\SSFRenderer\Shader</Filter>
    </None>
    <None Include="SSFRendererSceneVertex.glsl">
      <Filter>Renderer\SSFRenderer\Shader</Filter>
    </None>
  </ItemGroup>
  <ItemGroup>
    <CudaCompile Include="Solver.cu">
      <Filter>Solver</Filter>
    </CudaCompile>
    <CudaCompile Include="SSFRenderer.cu">
      <Filter>Renderer\SSFRenderer</Filter>
    </CudaCompile>
  </ItemGroup>
</Project>